
Microsoft Visual Studio Solution File, Format Version 12.00
# Visual Studio Version 17
VisualStudioVersion = 17.5.002.0
MinimumVisualStudioVersion = 10.0.40219.1
Project("{9A19103F-16F7-4668-BE54-9A1E7A4F7556}") = "BlogApp", "BlogApp\BlogApp.csproj", "{A8C57002-8F1A-4594-B9FD-F80E8653A725}"
EndProject
Global
	GlobalSection(SolutionConfigurationPlatforms) = preSolution
		Debug|Any CPU = Debug|Any CPU
		Release|Any CPU = Release|Any CPU
	EndGlobalSection
	GlobalSection(ProjectConfigurationPlatforms) = postSolution
		{A8C57002-8F1A-4594-B9FD-F80E8653A725}.Debug|Any CPU.ActiveCfg = Debug|Any CPU
		{A8C57002-8F1A-4594-B9FD-F80E8653A725}.Debug|Any CPU.Build.0 = Debug|Any CPU
		{A8C57002-8F1A-4594-B9FD-F80E8653A725}.Release|Any CPU.ActiveCfg = Release|Any CPU
		{A8C57002-8F1A-4594-B9FD-F80E8653A725}.Release|Any CPU.Build.0 = Release|Any CPU
	EndGlobalSection
	GlobalSection(SolutionProperties) = preSolution
		HideSolutionNode = FALSE
	EndGlobalSection
	GlobalSection(ExtensibilityGlobals) = postSolution
		SolutionGuid = {9F8A063F-2C3D-4E51-9D29-BA74EE72648E}
	EndGlobalSection
EndGlobal
